
Microsoft Visual Studio Solution File, Format Version 12.00
# Visual Studio 15
VisualStudioVersion = 15.0.28307.705
MinimumVisualStudioVersion = 10.0.40219.1
Project("{FAE04EC0-301F-11D3-BF4B-00C04F79EFBC}") = "offlineWebApp_Alamgir", "offlineWebApp_Alamgir\offlineWebApp_Alamgir.csproj", "{335E3AC9-B1B3-45BF-92E4-42D90980C757}"
EndProject
Global
	GlobalSection(SolutionConfigurationPlatforms) = preSolution
		Debug|Any CPU = Debug|Any CPU
		Release|Any CPU = Release|Any CPU
	EndGlobalSection
	GlobalSection(ProjectConfigurationPlatforms) = postSolution
		{335E3AC9-B1B3-45BF-92E4-42D90980C757}.Debug|Any CPU.ActiveCfg = Debug|Any CPU
		{335E3AC9-B1B3-45BF-92E4-42D90980C757}.Debug|Any CPU.Build.0 = Debug|Any CPU
		{335E3AC9-B1B3-45BF-92E4-42D90980C757}.Release|Any CPU.ActiveCfg = Release|Any CPU
		{335E3AC9-B1B3-45BF-92E4-42D90980C757}.Release|Any CPU.Build.0 = Release|Any CPU
	EndGlobalSection
	GlobalSection(SolutionProperties) = preSolution
		HideSolutionNode = FALSE
	EndGlobalSection
	GlobalSection(ExtensibilityGlobals) = postSolution
		SolutionGuid = {B4D732F3-E751-4763-A363-E9F2EDD0AA71}
	EndGlobalSection
EndGlobal
